
Microsoft Visual Studio Solution File, Format Version 12.00
# Visual Studio Version 17
VisualStudioVersion = 17.12.35521.163
MinimumVisualStudioVersion = 10.0.40219.1
Project("{FAE04EC0-301F-11D3-BF4B-00C04F79EFBC}") = "DesktopApplicationTemplate.UI", "DesktopApplicationTemplate.UI\DesktopApplicationTemplate.UI.csproj", "{ECFDCBB9-CEBD-4236-B96D-8519760318B9}"
EndProject
Project("{FAE04EC0-301F-11D3-BF4B-00C04F79EFBC}") = "DesktopApplicationTemplate.Service", "DesktopApplicationTemplate.Service\DesktopApplicationTemplate.Service.csproj", "{EA4E16D6-26D6-4333-B772-B57C343FF3DC}"
EndProject
Project("{FAE04EC0-301F-11D3-BF4B-00C04F79EFBC}") = "DesktopApplication.Installer", "DesktopApplication.Installer\DesktopApplication.Installer.csproj", "{E793727E-CE81-4F1E-9577-58C05AEAAEF6}"
EndProject
Project("{FAE04EC0-301F-11D3-BF4B-00C04F79EFBC}") = "DesktopApplicationTemplate.Core", "DesktopApplicationTemplate.Core\DesktopApplicationTemplate.Core.csproj", "{F217F400-6137-44C1-8E51-59DAE3564FD9}"
EndProject
Project("{FAE04EC0-301F-11D3-BF4B-00C04F79EFBC}") = "DesktopApplicationTemplate.Windows", "DesktopApplicationTemplate.Windows\DesktopApplicationTemplate.Windows.csproj", "{1E7B07F2-25F0-4C63-A569-532F3BD0B766}"
EndProject
Project("{FAE04EC0-301F-11D3-BF4B-00C04F79EFBC}") = "DesktopApplicationTemplate.Services.Common", "DesktopApplicationTemplate.Services.Common\DesktopApplicationTemplate.Services.Common.csproj", "{B5FBD6C7-8C2E-4A9F-B92F-5F8F41C3A5BB}"
EndProject
Project("{FAE04EC0-301F-11D3-BF4B-00C04F79EFBC}") = "ServicePlugin.Packaging", "ServicePlugin.Packaging\ServicePlugin.Packaging.csproj", "{F5F988AC-1954-4AB1-AF56-550B49AB3FC7}"
EndProject
Project("{FAE04EC0-301F-11D3-BF4B-00C04F79EFBC}") = "TcpRelayPlugin", "Samples\TcpRelayPlugin\TcpRelayPlugin.csproj", "{9418FD88-A3EC-4764-8E89-05B5F1BCEF02}"
EndProject
Project("{FAE04EC0-301F-11D3-BF4B-00C04F79EFBC}") = "HttpRelayPlugin", "Samples\HttpRelayPlugin\HttpRelayPlugin.csproj", "{384D53FF-4D25-4009-8AB7-6CEAECB954F4}"
EndProject
Project("{FAE04EC0-301F-11D3-BF4B-00C04F79EFBC}") = "ServicePluginTemplate", "Templates\ServicePluginTemplate\ServicePluginTemplate.csproj", "{1ED21731-2F3F-4A42-A9BD-8EA34C705B1C}"
EndProject
Project("{FAE04EC0-301F-11D3-BF4B-00C04F79EFBC}") = "MqttPackage", "Services\Mqtt\MqttPackage\MqttPackage.csproj", "{533D7FA1-8C3E-49AC-ACA2-E0D95F2C764D}"
EndProject
Project("{FAE04EC0-301F-11D3-BF4B-00C04F79EFBC}") = "MqttUI", "Services\Mqtt\MqttUI\MqttUI.csproj", "{9D22FB33-5081-418F-961A-20CFEFD1C584}"
EndProject
Project("{FAE04EC0-301F-11D3-BF4B-00C04F79EFBC}") = "HttpPackage", "Services\Http\HttpPackage\HttpPackage.csproj", "{53F0BA0F-77E0-432E-A0F6-0A09BEED1B40}"
EndProject
Project("{FAE04EC0-301F-11D3-BF4B-00C04F79EFBC}") = "HttpUI", "Services\Http\HttpUI\HttpUI.csproj", "{A8B98B13-DA95-43BA-B2F4-8604368818E7}"
EndProject

Project("{FAE04EC0-301F-11D3-BF4B-00C04F79EFBC}") = "FtpPackage", "Services\Ftp\FtpPackage\FtpPackage.csproj", "{6A9F33F7-E8BF-416B-B37C-8D0B384E47D2}"
EndProject
Project("{FAE04EC0-301F-11D3-BF4B-00C04F79EFBC}") = "FtpUI", "Services\Ftp\FtpUI\FtpUI.csproj", "{389FAA88-2E7D-4093-ABB1-F6AAB6D15E38}"
EndProject

Project("{FAE04EC0-301F-11D3-BF4B-00C04F79EFBC}") = "HidPackage", "Services\Hid\HidPackage\HidPackage.csproj", "{8D51DB36-0D19-4B75-8566-C33E410694F8}"
EndProject
Project("{FAE04EC0-301F-11D3-BF4B-00C04F79EFBC}") = "HidUI", "Services\Hid\HidUI\HidUI.csproj", "{4A30CC96-8FD1-4298-9888-D9BCDF793A3F}"
EndProject
Global
	GlobalSection(SolutionConfigurationPlatforms) = preSolution
		Debug|Any CPU = Debug|Any CPU
		Release|Any CPU = Release|Any CPU
	EndGlobalSection
	GlobalSection(ProjectConfigurationPlatforms) = postSolution
		{ECFDCBB9-CEBD-4236-B96D-8519760318B9}.Debug|Any CPU.ActiveCfg = Debug|Any CPU
		{ECFDCBB9-CEBD-4236-B96D-8519760318B9}.Debug|Any CPU.Build.0 = Debug|Any CPU
		{ECFDCBB9-CEBD-4236-B96D-8519760318B9}.Release|Any CPU.ActiveCfg = Release|Any CPU
		{ECFDCBB9-CEBD-4236-B96D-8519760318B9}.Release|Any CPU.Build.0 = Release|Any CPU
		{EA4E16D6-26D6-4333-B772-B57C343FF3DC}.Debug|Any CPU.ActiveCfg = Debug|Any CPU
		{EA4E16D6-26D6-4333-B772-B57C343FF3DC}.Debug|Any CPU.Build.0 = Debug|Any CPU
		{EA4E16D6-26D6-4333-B772-B57C343FF3DC}.Release|Any CPU.ActiveCfg = Release|Any CPU
		{EA4E16D6-26D6-4333-B772-B57C343FF3DC}.Release|Any CPU.Build.0 = Release|Any CPU
		{E793727E-CE81-4F1E-9577-58C05AEAAEF6}.Debug|Any CPU.ActiveCfg = Debug|Any CPU
		{E793727E-CE81-4F1E-9577-58C05AEAAEF6}.Debug|Any CPU.Build.0 = Debug|Any CPU
		{E793727E-CE81-4F1E-9577-58C05AEAAEF6}.Release|Any CPU.ActiveCfg = Release|Any CPU
		{E793727E-CE81-4F1E-9577-58C05AEAAEF6}.Release|Any CPU.Build.0 = Release|Any CPU
		{F217F400-6137-44C1-8E51-59DAE3564FD9}.Debug|Any CPU.ActiveCfg = Debug|Any CPU
		{F217F400-6137-44C1-8E51-59DAE3564FD9}.Debug|Any CPU.Build.0 = Debug|Any CPU
		{F217F400-6137-44C1-8E51-59DAE3564FD9}.Release|Any CPU.ActiveCfg = Release|Any CPU
		{F217F400-6137-44C1-8E51-59DAE3564FD9}.Release|Any CPU.Build.0 = Release|Any CPU
		{1E7B07F2-25F0-4C63-A569-532F3BD0B766}.Debug|Any CPU.ActiveCfg = Debug|Any CPU
		{1E7B07F2-25F0-4C63-A569-532F3BD0B766}.Debug|Any CPU.Build.0 = Debug|Any CPU
		{1E7B07F2-25F0-4C63-A569-532F3BD0B766}.Release|Any CPU.ActiveCfg = Release|Any CPU
		{1E7B07F2-25F0-4C63-A569-532F3BD0B766}.Release|Any CPU.Build.0 = Release|Any CPU
                {B5FBD6C7-8C2E-4A9F-B92F-5F8F41C3A5BB}.Debug|Any CPU.ActiveCfg = Debug|Any CPU
                {B5FBD6C7-8C2E-4A9F-B92F-5F8F41C3A5BB}.Debug|Any CPU.Build.0 = Debug|Any CPU
                {B5FBD6C7-8C2E-4A9F-B92F-5F8F41C3A5BB}.Release|Any CPU.ActiveCfg = Release|Any CPU
                {B5FBD6C7-8C2E-4A9F-B92F-5F8F41C3A5BB}.Release|Any CPU.Build.0 = Release|Any CPU
                {F5F988AC-1954-4AB1-AF56-550B49AB3FC7}.Debug|Any CPU.ActiveCfg = Debug|Any CPU
                {F5F988AC-1954-4AB1-AF56-550B49AB3FC7}.Debug|Any CPU.Build.0 = Debug|Any CPU
                {F5F988AC-1954-4AB1-AF56-550B49AB3FC7}.Release|Any CPU.ActiveCfg = Release|Any CPU
                {F5F988AC-1954-4AB1-AF56-550B49AB3FC7}.Release|Any CPU.Build.0 = Release|Any CPU
                {9418FD88-A3EC-4764-8E89-05B5F1BCEF02}.Debug|Any CPU.ActiveCfg = Debug|Any CPU
                {9418FD88-A3EC-4764-8E89-05B5F1BCEF02}.Debug|Any CPU.Build.0 = Debug|Any CPU
                {9418FD88-A3EC-4764-8E89-05B5F1BCEF02}.Release|Any CPU.ActiveCfg = Release|Any CPU
                {9418FD88-A3EC-4764-8E89-05B5F1BCEF02}.Release|Any CPU.Build.0 = Release|Any CPU
                {384D53FF-4D25-4009-8AB7-6CEAECB954F4}.Debug|Any CPU.ActiveCfg = Debug|Any CPU
                {384D53FF-4D25-4009-8AB7-6CEAECB954F4}.Debug|Any CPU.Build.0 = Debug|Any CPU
                {384D53FF-4D25-4009-8AB7-6CEAECB954F4}.Release|Any CPU.ActiveCfg = Release|Any CPU
                {384D53FF-4D25-4009-8AB7-6CEAECB954F4}.Release|Any CPU.Build.0 = Release|Any CPU
                {1ED21731-2F3F-4A42-A9BD-8EA34C705B1C}.Debug|Any CPU.ActiveCfg = Debug|Any CPU
                {1ED21731-2F3F-4A42-A9BD-8EA34C705B1C}.Debug|Any CPU.Build.0 = Debug|Any CPU
                {1ED21731-2F3F-4A42-A9BD-8EA34C705B1C}.Release|Any CPU.ActiveCfg = Release|Any CPU
                {1ED21731-2F3F-4A42-A9BD-8EA34C705B1C}.Release|Any CPU.Build.0 = Release|Any CPU
                {533D7FA1-8C3E-49AC-ACA2-E0D95F2C764D}.Debug|Any CPU.ActiveCfg = Debug|Any CPU
                {533D7FA1-8C3E-49AC-ACA2-E0D95F2C764D}.Debug|Any CPU.Build.0 = Debug|Any CPU
                {533D7FA1-8C3E-49AC-ACA2-E0D95F2C764D}.Release|Any CPU.ActiveCfg = Release|Any CPU
                {533D7FA1-8C3E-49AC-ACA2-E0D95F2C764D}.Release|Any CPU.Build.0 = Release|Any CPU
                {53F0BA0F-77E0-432E-A0F6-0A09BEED1B40}.Debug|Any CPU.ActiveCfg = Debug|Any CPU
                {53F0BA0F-77E0-432E-A0F6-0A09BEED1B40}.Debug|Any CPU.Build.0 = Debug|Any CPU
                {53F0BA0F-77E0-432E-A0F6-0A09BEED1B40}.Release|Any CPU.ActiveCfg = Release|Any CPU
                {53F0BA0F-77E0-432E-A0F6-0A09BEED1B40}.Release|Any CPU.Build.0 = Release|Any CPU
                {A8B98B13-DA95-43BA-B2F4-8604368818E7}.Debug|Any CPU.ActiveCfg = Debug|Any CPU
                {A8B98B13-DA95-43BA-B2F4-8604368818E7}.Debug|Any CPU.Build.0 = Debug|Any CPU
                {A8B98B13-DA95-43BA-B2F4-8604368818E7}.Release|Any CPU.ActiveCfg = Release|Any CPU
                {A8B98B13-DA95-43BA-B2F4-8604368818E7}.Release|Any CPU.Build.0 = Release|Any CPU
                {9D22FB33-5081-418F-961A-20CFEFD1C584}.Debug|Any CPU.ActiveCfg = Debug|Any CPU
                {9D22FB33-5081-418F-961A-20CFEFD1C584}.Debug|Any CPU.Build.0 = Debug|Any CPU
                {9D22FB33-5081-418F-961A-20CFEFD1C584}.Release|Any CPU.ActiveCfg = Release|Any CPU
                {9D22FB33-5081-418F-961A-20CFEFD1C584}.Release|Any CPU.Build.0 = Release|Any CPU
                {6A9F33F7-E8BF-416B-B37C-8D0B384E47D2}.Debug|Any CPU.ActiveCfg = Debug|Any CPU
                {6A9F33F7-E8BF-416B-B37C-8D0B384E47D2}.Debug|Any CPU.Build.0 = Debug|Any CPU
                {6A9F33F7-E8BF-416B-B37C-8D0B384E47D2}.Release|Any CPU.ActiveCfg = Release|Any CPU
                {6A9F33F7-E8BF-416B-B37C-8D0B384E47D2}.Release|Any CPU.Build.0 = Release|Any CPU
                {389FAA88-2E7D-4093-ABB1-F6AAB6D15E38}.Debug|Any CPU.ActiveCfg = Debug|Any CPU
                {389FAA88-2E7D-4093-ABB1-F6AAB6D15E38}.Debug|Any CPU.Build.0 = Debug|Any CPU
                {389FAA88-2E7D-4093-ABB1-F6AAB6D15E38}.Release|Any CPU.ActiveCfg = Release|Any CPU
                {389FAA88-2E7D-4093-ABB1-F6AAB6D15E38}.Release|Any CPU.Build.0 = Release|Any CPU
                {8D51DB36-0D19-4B75-8566-C33E410694F8}.Debug|Any CPU.ActiveCfg = Debug|Any CPU
                {8D51DB36-0D19-4B75-8566-C33E410694F8}.Debug|Any CPU.Build.0 = Debug|Any CPU
                {8D51DB36-0D19-4B75-8566-C33E410694F8}.Release|Any CPU.ActiveCfg = Release|Any CPU
                {8D51DB36-0D19-4B75-8566-C33E410694F8}.Release|Any CPU.Build.0 = Release|Any CPU
                {4A30CC96-8FD1-4298-9888-D9BCDF793A3F}.Debug|Any CPU.ActiveCfg = Debug|Any CPU
                {4A30CC96-8FD1-4298-9888-D9BCDF793A3F}.Debug|Any CPU.Build.0 = Debug|Any CPU
                {4A30CC96-8FD1-4298-9888-D9BCDF793A3F}.Release|Any CPU.ActiveCfg = Release|Any CPU
                {4A30CC96-8FD1-4298-9888-D9BCDF793A3F}.Release|Any CPU.Build.0 = Release|Any CPU
        EndGlobalSection
	GlobalSection(SolutionProperties) = preSolution
		HideSolutionNode = FALSE
	EndGlobalSection
EndGlobal
